
Microsoft Visual Studio Solution File, Format Version 12.00
Project("{2150E333-8FDC-42A3-9474-1A3956D46DE8}") = "DB configuration with App.config or Web.config", "DB configuration with App.config or Web.config", "{6E53D155-A391-4B47-B989-5784ACD06F3B}"
EndProject
Project("{2150E333-8FDC-42A3-9474-1A3956D46DE8}") = "DB configuration with appsettings.json", "DB configuration with appsettings.json", "{4E0A7106-EA9E-4F08-9394-0B0C4A1AD088}"
EndProject
Project("{FAE04EC0-301F-11D3-BF4B-00C04F79EFBC}") = "MS SQL Server", "MS SQL Server\MS SQL Server.csproj", "{95DF0BA7-C067-43E5-8C53-CC69DA644709}"
EndProject
Project("{FAE04EC0-301F-11D3-BF4B-00C04F79EFBC}") = "MySQL", "MySQL\MySQL.csproj", "{E88C7781-F5EB-422C-8325-C7365D7BFD2E}"
EndProject
Project("{FAE04EC0-301F-11D3-BF4B-00C04F79EFBC}") = "PostgreSQL", "PostgreSQL\PostgreSQL.csproj", "{3B23CBA6-E520-4699-AEB0-4DF9DC03054E}"
EndProject
Project("{FAE04EC0-301F-11D3-BF4B-00C04F79EFBC}") = "SQLite", "SQLite\SQLite.csproj", "{DC92ACF8-E7AA-4F0A-A888-731F5A292D85}"
EndProject
Project("{FAE04EC0-301F-11D3-BF4B-00C04F79EFBC}") = "MongoDB", "MongoDB\MongoDB.csproj", "{9E16ED91-3C78-4430-A373-90C840432453}"
EndProject
Project("{FAE04EC0-301F-11D3-BF4B-00C04F79EFBC}") = "Oracle", "Oracle\Oracle.csproj", "{0B582BF9-6A5B-40FB-A103-42BF1369B103}"
EndProject
Project("{FAE04EC0-301F-11D3-BF4B-00C04F79EFBC}") = "Azure", "Azure\Azure.csproj", "{9722B365-D8E1-4D6B-A35D-69BB20B8498F}"
EndProject
Project("{FAE04EC0-301F-11D3-BF4B-00C04F79EFBC}") = "MS SQL Server 2", "MS SQL Server 2\MS SQL Server 2.csproj", "{0A85E4B7-8A93-49F9-A7E3-8F051334C2B6}"
EndProject
Project("{FAE04EC0-301F-11D3-BF4B-00C04F79EFBC}") = "MySQL2", "MySQL2\MySQL2.csproj", "{2DC52DC1-9AAF-458D-B428-308D989919A5}"
EndProject
Project("{FAE04EC0-301F-11D3-BF4B-00C04F79EFBC}") = "Azure2", "Azure2\Azure2.csproj", "{1E2E49F1-3B36-4EBA-ADF0-33FC008BFA40}"
EndProject
Project("{FAE04EC0-301F-11D3-BF4B-00C04F79EFBC}") = "Oracle2", "Oracle2\Oracle2.csproj", "{2C79082D-7229-4625-91D1-C5362378B428}"
EndProject
Project("{FAE04EC0-301F-11D3-BF4B-00C04F79EFBC}") = "MongoDB2", "MongoDB2\MongoDB2.csproj", "{A161FEFC-633C-473C-A8FA-320199BA87FC}"
EndProject
Project("{FAE04EC0-301F-11D3-BF4B-00C04F79EFBC}") = "PostgreSQL2", "PostgreSQL2\PostgreSQL2.csproj", "{FC861AC3-2289-47BB-AE1C-1FE20A1D1AD1}"
EndProject
Project("{FAE04EC0-301F-11D3-BF4B-00C04F79EFBC}") = "SQLite2", "SQLite2\SQLite2.csproj", "{083B67E3-15A4-4B01-9983-B435102F7A3C}"
EndProject
Global
	GlobalSection(SolutionConfigurationPlatforms) = preSolution
		Debug|Any CPU = Debug|Any CPU
		Release|Any CPU = Release|Any CPU
	EndGlobalSection
	GlobalSection(NestedProjects) = preSolution
		{95DF0BA7-C067-43E5-8C53-CC69DA644709} = {4E0A7106-EA9E-4F08-9394-0B0C4A1AD088}
		{E88C7781-F5EB-422C-8325-C7365D7BFD2E} = {4E0A7106-EA9E-4F08-9394-0B0C4A1AD088}
		{3B23CBA6-E520-4699-AEB0-4DF9DC03054E} = {4E0A7106-EA9E-4F08-9394-0B0C4A1AD088}
		{DC92ACF8-E7AA-4F0A-A888-731F5A292D85} = {4E0A7106-EA9E-4F08-9394-0B0C4A1AD088}
		{9E16ED91-3C78-4430-A373-90C840432453} = {4E0A7106-EA9E-4F08-9394-0B0C4A1AD088}
		{0B582BF9-6A5B-40FB-A103-42BF1369B103} = {4E0A7106-EA9E-4F08-9394-0B0C4A1AD088}
		{9722B365-D8E1-4D6B-A35D-69BB20B8498F} = {4E0A7106-EA9E-4F08-9394-0B0C4A1AD088}
		{0A85E4B7-8A93-49F9-A7E3-8F051334C2B6} = {6E53D155-A391-4B47-B989-5784ACD06F3B}
		{2DC52DC1-9AAF-458D-B428-308D989919A5} = {6E53D155-A391-4B47-B989-5784ACD06F3B}
		{1E2E49F1-3B36-4EBA-ADF0-33FC008BFA40} = {6E53D155-A391-4B47-B989-5784ACD06F3B}
		{2C79082D-7229-4625-91D1-C5362378B428} = {6E53D155-A391-4B47-B989-5784ACD06F3B}
		{A161FEFC-633C-473C-A8FA-320199BA87FC} = {6E53D155-A391-4B47-B989-5784ACD06F3B}
		{FC861AC3-2289-47BB-AE1C-1FE20A1D1AD1} = {6E53D155-A391-4B47-B989-5784ACD06F3B}
		{083B67E3-15A4-4B01-9983-B435102F7A3C} = {6E53D155-A391-4B47-B989-5784ACD06F3B}
	EndGlobalSection
	GlobalSection(ProjectConfigurationPlatforms) = postSolution
		{95DF0BA7-C067-43E5-8C53-CC69DA644709}.Debug|Any CPU.ActiveCfg = Debug|Any CPU
		{95DF0BA7-C067-43E5-8C53-CC69DA644709}.Debug|Any CPU.Build.0 = Debug|Any CPU
		{95DF0BA7-C067-43E5-8C53-CC69DA644709}.Release|Any CPU.ActiveCfg = Release|Any CPU
		{95DF0BA7-C067-43E5-8C53-CC69DA644709}.Release|Any CPU.Build.0 = Release|Any CPU
		{E88C7781-F5EB-422C-8325-C7365D7BFD2E}.Debug|Any CPU.ActiveCfg = Debug|Any CPU
		{E88C7781-F5EB-422C-8325-C7365D7BFD2E}.Debug|Any CPU.Build.0 = Debug|Any CPU
		{E88C7781-F5EB-422C-8325-C7365D7BFD2E}.Release|Any CPU.ActiveCfg = Release|Any CPU
		{E88C7781-F5EB-422C-8325-C7365D7BFD2E}.Release|Any CPU.Build.0 = Release|Any CPU
		{3B23CBA6-E520-4699-AEB0-4DF9DC03054E}.Debug|Any CPU.ActiveCfg = Debug|Any CPU
		{3B23CBA6-E520-4699-AEB0-4DF9DC03054E}.Debug|Any CPU.Build.0 = Debug|Any CPU
		{3B23CBA6-E520-4699-AEB0-4DF9DC03054E}.Release|Any CPU.ActiveCfg = Release|Any CPU
		{3B23CBA6-E520-4699-AEB0-4DF9DC03054E}.Release|Any CPU.Build.0 = Release|Any CPU
		{DC92ACF8-E7AA-4F0A-A888-731F5A292D85}.Debug|Any CPU.ActiveCfg = Debug|Any CPU
		{DC92ACF8-E7AA-4F0A-A888-731F5A292D85}.Debug|Any CPU.Build.0 = Debug|Any CPU
		{DC92ACF8-E7AA-4F0A-A888-731F5A292D85}.Release|Any CPU.ActiveCfg = Release|Any CPU
		{DC92ACF8-E7AA-4F0A-A888-731F5A292D85}.Release|Any CPU.Build.0 = Release|Any CPU
		{9E16ED91-3C78-4430-A373-90C840432453}.Debug|Any CPU.ActiveCfg = Debug|Any CPU
		{9E16ED91-3C78-4430-A373-90C840432453}.Debug|Any CPU.Build.0 = Debug|Any CPU
		{9E16ED91-3C78-4430-A373-90C840432453}.Release|Any CPU.ActiveCfg = Release|Any CPU
		{9E16ED91-3C78-4430-A373-90C840432453}.Release|Any CPU.Build.0 = Release|Any CPU
		{0B582BF9-6A5B-40FB-A103-42BF1369B103}.Debug|Any CPU.ActiveCfg = Debug|Any CPU
		{0B582BF9-6A5B-40FB-A103-42BF1369B103}.Debug|Any CPU.Build.0 = Debug|Any CPU
		{0B582BF9-6A5B-40FB-A103-42BF1369B103}.Release|Any CPU.ActiveCfg = Release|Any CPU
		{0B582BF9-6A5B-40FB-A103-42BF1369B103}.Release|Any CPU.Build.0 = Release|Any CPU
		{9722B365-D8E1-4D6B-A35D-69BB20B8498F}.Debug|Any CPU.ActiveCfg = Debug|Any CPU
		{9722B365-D8E1-4D6B-A35D-69BB20B8498F}.Debug|Any CPU.Build.0 = Debug|Any CPU
		{9722B365-D8E1-4D6B-A35D-69BB20B8498F}.Release|Any CPU.ActiveCfg = Release|Any CPU
		{9722B365-D8E1-4D6B-A35D-69BB20B8498F}.Release|Any CPU.Build.0 = Release|Any CPU
		{0A85E4B7-8A93-49F9-A7E3-8F051334C2B6}.Debug|Any CPU.ActiveCfg = Debug|Any CPU
		{0A85E4B7-8A93-49F9-A7E3-8F051334C2B6}.Debug|Any CPU.Build.0 = Debug|Any CPU
		{0A85E4B7-8A93-49F9-A7E3-8F051334C2B6}.Release|Any CPU.ActiveCfg = Release|Any CPU
		{0A85E4B7-8A93-49F9-A7E3-8F051334C2B6}.Release|Any CPU.Build.0 = Release|Any CPU
		{2DC52DC1-9AAF-458D-B428-308D989919A5}.Debug|Any CPU.ActiveCfg = Debug|Any CPU
		{2DC52DC1-9AAF-458D-B428-308D989919A5}.Debug|Any CPU.Build.0 = Debug|Any CPU
		{2DC52DC1-9AAF-458D-B428-308D989919A5}.Release|Any CPU.ActiveCfg = Release|Any CPU
		{2DC52DC1-9AAF-458D-B428-308D989919A5}.Release|Any CPU.Build.0 = Release|Any CPU
		{1E2E49F1-3B36-4EBA-ADF0-33FC008BFA40}.Debug|Any CPU.ActiveCfg = Debug|Any CPU
		{1E2E49F1-3B36-4EBA-ADF0-33FC008BFA40}.Debug|Any CPU.Build.0 = Debug|Any CPU
		{1E2E49F1-3B36-4EBA-ADF0-33FC008BFA40}.Release|Any CPU.ActiveCfg = Release|Any CPU
		{1E2E49F1-3B36-4EBA-ADF0-33FC008BFA40}.Release|Any CPU.Build.0 = Release|Any CPU
		{2C79082D-7229-4625-91D1-C5362378B428}.Debug|Any CPU.ActiveCfg = Debug|Any CPU
		{2C79082D-7229-4625-91D1-C5362378B428}.Debug|Any CPU.Build.0 = Debug|Any CPU
		{2C79082D-7229-4625-91D1-C5362378B428}.Release|Any CPU.ActiveCfg = Release|Any CPU
		{2C79082D-7229-4625-91D1-C5362378B428}.Release|Any CPU.Build.0 = Release|Any CPU
		{A161FEFC-633C-473C-A8FA-320199BA87FC}.Debug|Any CPU.ActiveCfg = Debug|Any CPU
		{A161FEFC-633C-473C-A8FA-320199BA87FC}.Debug|Any CPU.Build.0 = Debug|Any CPU
		{A161FEFC-633C-473C-A8FA-320199BA87FC}.Release|Any CPU.ActiveCfg = Release|Any CPU
		{A161FEFC-633C-473C-A8FA-320199BA87FC}.Release|Any CPU.Build.0 = Release|Any CPU
		{FC861AC3-2289-47BB-AE1C-1FE20A1D1AD1}.Debug|Any CPU.ActiveCfg = Debug|Any CPU
		{FC861AC3-2289-47BB-AE1C-1FE20A1D1AD1}.Debug|Any CPU.Build.0 = Debug|Any CPU
		{FC861AC3-2289-47BB-AE1C-1FE20A1D1AD1}.Release|Any CPU.ActiveCfg = Release|Any CPU
		{FC861AC3-2289-47BB-AE1C-1FE20A1D1AD1}.Release|Any CPU.Build.0 = Release|Any CPU
		{083B67E3-15A4-4B01-9983-B435102F7A3C}.Debug|Any CPU.ActiveCfg = Debug|Any CPU
		{083B67E3-15A4-4B01-9983-B435102F7A3C}.Debug|Any CPU.Build.0 = Debug|Any CPU
		{083B67E3-15A4-4B01-9983-B435102F7A3C}.Release|Any CPU.ActiveCfg = Release|Any CPU
		{083B67E3-15A4-4B01-9983-B435102F7A3C}.Release|Any CPU.Build.0 = Release|Any CPU
	EndGlobalSection
EndGlobal
